{
  "name": "homebridge-myhome-unik",
  "version": "0.1.7",
  "lockfileVersion": 2,
  "requires": true,
  "packages": {
    "": {
      "name": "homebridge-myhome-unik",
      "version": "0.1.7",
      "license": "ISC",
      "dependencies": {
        "lodash": "^4.14.1"
      },
      "devDependencies": {},
      "engines": {
        "homebridge": "^1.6.0 || ^2.0.0",
        "node": "^18.20.4 || ^20.15.1 || ^22 || ^24"
      }
    },
    "node_modules/lodash": {
      "version": "4.17.21",
      "resolved": "https://registry.npmjs.org/lodash/-/lodash-4.17.21.tgz",
      "integrity": "sha512-v2kDEe57lecTulaDIuNTPy3Ry4gLGJ6Z1O3vE1krgXZNrsQ+LFTGHVxVjcXPs17LhbZVGedAJv8XZ1tvj5FvSg=="
    }
  },
  "dependencies": {
    "lodash": {
      "version": "4.17.21",
      "resolved": "https://registry.npmjs.org/lodash/-/lodash-4.17.21.tgz",
      "integrity": "sha512-v2kDEe57lecTulaDIuNTPy3Ry4gLGJ6Z1O3vE1krgXZNrsQ+LFTGHVxVjcXPs17LhbZVGedAJv8XZ1tvj5FvSg=="
    }
  }
}
